{
  "name": "goit-node-js-classes",
  "lockfileVersion": 2,
  "requires": true,
  "packages": {
    "": {
      "dependencies": {
        "uuidv5": "^1.0.0"
      }
    },
    "node_modules/uuidv5": {
      "version": "1.0.0",
      "resolved": "https://registry.npmjs.org/uuidv5/-/uuidv5-1.0.0.tgz",
      "integrity": "sha512-OIrdJoTuC0Sbk1CKrGWG02gwrZHZptlYTHGkVOH7wxVNmMsGYFzJ77N7+SbrctXfpp9sI8Bp/nsu6C932p2MGQ=="
    }
  },
  "dependencies": {
    "uuidv5": {
      "version": "1.0.0",
      "resolved": "https://registry.npmjs.org/uuidv5/-/uuidv5-1.0.0.tgz",
      "integrity": "sha512-OIrdJoTuC0Sbk1CKrGWG02gwrZHZptlYTHGkVOH7wxVNmMsGYFzJ77N7+SbrctXfpp9sI8Bp/nsu6C932p2MGQ=="
    }
  }
}
